{
  "version": 4,
  "terraform_version": "0.14.7",
  "serial": 17,
  "lineage": "1f6f5f49-361f-1d82-12ec-0c21e78b3494",
  "outputs": {
    "db_pass": {
      "value": "passwordio",
      "type": "string"
    },
    "ip": {
      "value": "35.228.207.111",
      "type": "string"
    },
    "user_name": {
      "value": "root",
      "type": "string"
    }
  },
  "resources": [
    {
      "mode": "managed",
      "type": "google_sql_database",
      "name": "database",
      "provider": "provider[\"registry.terraform.io/hashicorp/google\"]",
      "instances": [
        {
          "schema_version": 0,
          "attributes": {
            "charset": "UTF8",
            "collation": "en_US.UTF8",
            "id": "projects/formidable-sol-307111/instances/master-instance/databases/myBase",
            "instance": "master-instance",
            "name": "myBase",
            "project": "formidable-sol-307111",
            "self_link": "https://sqladmin.googleapis.com/sql/v1beta4/projects/formidable-sol-307111/instances/master-instance/databases/myBase",
            "timeouts": null
          },
          "sensitive_attributes": [],
          "private": "eyJlMmJmYjczMC1lY2FhLTExZTYtOGY4OC0zNDM2M2JjN2M0YzAiOnsiY3JlYXRlIjo5MDAwMDAwMDAwMDAsImRlbGV0ZSI6NjAwMDAwMDAwMDAwLCJ1cGRhdGUiOjYwMDAwMDAwMDAwMH19",
          "dependencies": [
            "google_sql_database_instance.master"
          ]
        }
      ]
    },
    {
      "mode": "managed",
      "type": "google_sql_database_instance",
      "name": "master",
      "provider": "provider[\"registry.terraform.io/hashicorp/google\"]",
      "instances": [
        {
          "schema_version": 0,
          "attributes": {
            "clone": [],
            "connection_name": "formidable-sol-307111:europe-north1:master-instance",
            "database_version": "POSTGRES_11",
            "deletion_protection": false,
            "first_ip_address": "35.228.207.111",
            "id": "master-instance",
            "ip_address": [
              {
                "ip_address": "35.228.207.111",
                "time_to_retire": "",
                "type": "PRIMARY"
              }
            ],
            "master_instance_name": "",
            "name": "master-instance",
            "private_ip_address": "",
            "project": "formidable-sol-307111",
            "public_ip_address": "35.228.207.111",
            "region": "europe-north1",
            "replica_configuration": [],
            "restore_backup_context": [],
            "root_password": null,
            "self_link": "https://sqladmin.googleapis.com/sql/v1beta4/projects/formidable-sol-307111/instances/master-instance",
            "server_ca_cert": [
              {
                "cert": "-----BEGIN CERTIFICATE-----\nMIIDfzCCAmegAwIBAgIBADANBgkqhkiG9w0BAQsFADB3MS0wKwYDVQQuEyQ5Yzk4\nOGVjNy03ZDIyLTRjOTctYjUyMi0zMGFhZjE3NmZjMWMxIzAhBgNVBAMTGkdvb2ds\nZSBDbG91ZCBTUUwgU2VydmVyIENBMRQwEgYDVQQKEwtHb29nbGUsIEluYzELMAkG\nA1UEBhMCVVMwHhcNMjEwMzIzMTAxNjM2WhcNMzEwMzIxMTAxNzM2WjB3MS0wKwYD\nVQQuEyQ5Yzk4OGVjNy03ZDIyLTRjOTctYjUyMi0zMGFhZjE3NmZjMWMxIzAhBgNV\nBAMTGkdvb2dsZSBDbG91ZCBTUUwgU2VydmVyIENBMRQwEgYDVQQKEwtHb29nbGUs\nIEluYzELMAkGA1UEBhMCVVMwggEiMA0GCSqGSIb3DQEBAQUAA4IBDwAwggEKAoIB\nAQCS9Gn8q9acXdYHuF3RzUPe3PgFYK6Yuws5r3YPoCmz5MN2ELoZmx+sQ1YKWsTT\n4MLuvUPPrftVVVFY13KHuycarde4iJJtcKT6z20eYzhA8sA7aMpSpcPdhuCutiyv\nkpErU0IJviJJGgHib+RUXuctsMFo7vFbEjh/m3lbcZU5WijOE5s9/noV0k4Y0mYL\nswCU77V+jebqUSPSeHSho8upnSLXKnDU8Ks+X8b+m3ijkjkY1bRHihlpjiCb05US\nkwovSwrxa0y21jmHE2gkHMydLzLuaYYS5tC4BUu7+AKOOaXWVODDM8ah8IVIlAjU\nqv6Y+j6oLcWdlQMLaTTdyO7BAgMBAAGjFjAUMBIGA1UdEwEB/wQIMAYBAf8CAQAw\nDQYJKoZIhvcNAQELBQADggEBAE+s289zGJI0qPX7CL1HQkTwVxWq9hDBdMFFeZfd\nlCwrkwXKBrg38BYCa6SdZMqKI8/dMd4e4qHrj8IClGJ+NNxNYFiU/fDdywYnavdL\nul3jUavlPBmu0p0Jzl7lWcgzXBect5oYp5IrdlFwpuvMCI+/+INChR7AcZkpq7Z5\n4sbzc3fIDt/lH99Np6xCcBfEujTDzhYdMeJZcjVkFSfYVmSnkXuGhVkLbmdu94CJ\nzafdBG+yvf1M1POcaQ4+vuTMztgJePXhu2M66LoaFI3wCRMFjhRW4/bIfespbtRJ\n7mINXkkFpUQaPdCfHMojRj/O8YB+HnXE8bhDi1z4sbmxIuY=\n-----END CERTIFICATE-----",
                "common_name": "C=US,O=Google\\, Inc,CN=Google Cloud SQL Server CA,dnQualifier=9c988ec7-7d22-4c97-b522-30aaf176fc1c",
                "create_time": "2021-03-23T10:16:36.814Z",
                "expiration_time": "2031-03-21T10:17:36.814Z",
                "sha1_fingerprint": "e02b4bdce1c92596170a0d9f8bb115e4ad4fa505"
              }
            ],
            "service_account_email_address": "p121795626200-x6otjx@gcp-sa-cloud-sql.iam.gserviceaccount.com",
            "settings": [
              {
                "activation_policy": "ALWAYS",
                "authorized_gae_applications": [],
                "availability_type": "ZONAL",
                "backup_configuration": [
                  {
                    "binary_log_enabled": false,
                    "enabled": false,
                    "location": "",
                    "point_in_time_recovery_enabled": false,
                    "start_time": "18:00"
                  }
                ],
                "crash_safe_replication": false,
                "database_flags": [],
                "disk_autoresize": true,
                "disk_size": 10,
                "disk_type": "PD_SSD",
                "insights_config": [],
                "ip_configuration": [
                  {
                    "authorized_networks": [],
                    "ipv4_enabled": true,
                    "private_network": "",
                    "require_ssl": false
                  }
                ],
                "location_preference": [
                  {
                    "follow_gae_application": "",
                    "zone": "europe-north1-a"
                  }
                ],
                "maintenance_window": [],
                "pricing_plan": "PER_USE",
                "replication_type": "SYNCHRONOUS",
                "tier": "db-f1-micro",
                "user_labels": {},
                "version": 1
              }
            ],
            "timeouts": null
          },
          "sensitive_attributes": [],
          "private": "eyJlMmJmYjczMC1lY2FhLTExZTYtOGY4OC0zNDM2M2JjN2M0YzAiOnsiY3JlYXRlIjoxMjAwMDAwMDAwMDAwLCJkZWxldGUiOjEyMDAwMDAwMDAwMDAsInVwZGF0ZSI6MTIwMDAwMDAwMDAwMH19"
        }
      ]
    },
    {
      "mode": "managed",
      "type": "google_sql_user",
      "name": "users",
      "provider": "provider[\"registry.terraform.io/hashicorp/google\"]",
      "instances": [
        {
          "schema_version": 1,
          "attributes": {
            "deletion_policy": null,
            "host": "",
            "id": "root//master-instance",
            "instance": "master-instance",
            "name": "root",
            "password": "passwordio",
            "project": "formidable-sol-307111",
            "timeouts": null,
            "type": ""
          },
          "sensitive_attributes": [],
          "private": "eyJlMmJmYjczMC1lY2FhLTExZTYtOGY4OC0zNDM2M2JjN2M0YzAiOnsiY3JlYXRlIjo2MDAwMDAwMDAwMDAsImRlbGV0ZSI6NjAwMDAwMDAwMDAwLCJ1cGRhdGUiOjYwMDAwMDAwMDAwMH0sInNjaGVtYV92ZXJzaW9uIjoiMSJ9",
          "dependencies": [
            "google_sql_database_instance.master"
          ]
        }
      ]
    }
  ]
}
